<Solution>
  <Folder Name="/Backend/">
    <Project Path="Backend/Mls.Patients.Api/Mls.Patients.Api.csproj" Id="12ae7a77-5c06-4a7c-a380-8229c76f7b68" />
    <Project Path="Backend/Mls.Notes.Api/Mls.Notes.Api.csproj" Id="f4a7e5c2-9b3d-4e6a-8c1f-2d5b7a9e3c60" />
    <Project Path="Backend/Mls.Assessment.Api/Mls.Assessment.Api.csproj" Id="c5dc11c7-386b-48bb-8dcf-bd0f1719bb3a" />
  </Folder>
  <Folder Name="/Frontend/">
    <Project Path="Frontend/Mls.Frontend/Mls.Frontend.csproj" Id="3c98485d-62cd-4f41-9ac7-f3fa38aa27d4" />
  </Folder>
  <Folder Name="/Gateway/">
    <Project Path="Gateway/Mls.Gateway/Mls.Gateway.csproj" Id="b38152c4-ae8b-4cce-bab1-958a8df4741d" />
  </Folder>
  <Folder Name="/UnitTests/">
    <Project Path="UnitTests/Mls.Patients.Api.Tests/Mls.Patients.Api.Tests.csproj" Id="0074bd36-c304-453e-b097-202c34aaeba9" />
    <Project Path="UnitTests/Mls.Notes.Api.Tests/Mls.Notes.Api.Tests.csproj" Id="a2d8c5e1-6f4b-4a9d-8e2c-1b3f5a7d9c40" />
  </Folder>
  <Folder Name="/_build/">
    <File Path="_build/docker-compose.yml" />
  </Folder>
  <Folder Name="/_Libraries/">
    <Project Path="_Libraries/Mls.Library/Mls.Library.csproj" Id="903773db-7373-419c-b6fb-104d28eba73c" />
  </Folder>
</Solution>
